// !$*UTF8*$!
{
	archiveVersion = 1;
	classes = {
	};
	objectVersion = 55;
	objects = {

/* Begin PBXBuildFile section */
		8AA01EC62830FABC00B73B5D /* XKCD_ViewerApp.swift in Sources */ = {isa = PBXBuildFile; fileRef = 8AA01EC52830FABC00B73B5D /* XKCD_ViewerApp.swift */; };
		8AA01EC82830FABC00B73B5D /* ContentView.swift in Sources */ = {isa = PBXBuildFile; fileRef = 8AA01EC72830FABC00B73B5D /* ContentView.swift */; };
		8AA01ECA2830FABE00B73B5D /* Assets.xcassets in Resources */ = {isa = PBXBuildFile; fileRef = 8AA01EC92830FABE00B73B5D /* Assets.xcassets */; };
		8AA01ECD2830FABE00B73B5D /* Preview Assets.xcassets in Resources */ = {isa = PBXBuildFile; fileRef = 8AA01ECC2830FABE00B73B5D /* Preview Assets.xcassets */; };
		8AA01ED42830FB5E00B73B5D /* ComicModel.swift in Sources */ = {isa = PBXBuildFile; fileRef = 8AA01ED32830FB5E00B73B5D /* ComicModel.swift */; };
		8AA01ED62830FB7400B73B5D /* Comic.swift in Sources */ = {isa = PBXBuildFile; fileRef = 8AA01ED52830FB7400B73B5D /* Comic.swift */; };
		8AA01ED92830FBA500B73B5D /* FeedView.swift in Sources */ = {isa = PBXBuildFile; fileRef = 8AA01ED82830FBA500B73B5D /* FeedView.swift */; };
		8AA01EDB2830FBC300B73B5D /* ComicCardView.swift in Sources */ = {isa = PBXBuildFile; fileRef = 8AA01EDA2830FBC300B73B5D /* ComicCardView.swift */; };
		8AA01EDD2830FBDE00B73B5D /* ComicDetailsView.swift in Sources */ = {isa = PBXBuildFile; fileRef = 8AA01EDC2830FBDE00B73B5D /* ComicDetailsView.swift */; };
		8AA01EDF2830FBFE00B73B5D /* BottomBarView.swift in Sources */ = {isa = PBXBuildFile; fileRef = 8AA01EDE2830FBFE00B73B5D /* BottomBarView.swift */; };
/* End PBXBuildFile section */

/* Begin PBXFileReference section */
		8AA01EC22830FABC00B73B5D /* XKCD Viewer.app */ = {isa = PBXFileReference; explicitFileType = wrapper.application; includeInIndex = 0; path = "XKCD Viewer.app"; sourceTree = BUILT_PRODUCTS_DIR; };
		8AA01EC52830FABC00B73B5D /* XKCD_ViewerApp.swift */ = {isa = PBXFileReference; lastKnownFileType = sourcecode.swift; path = XKCD_ViewerApp.swift; sourceTree = "<group>"; };
		8AA01EC72830FABC00B73B5D /* ContentView.swift */ = {isa = PBXFileReference; lastKnownFileType = sourcecode.swift; path = ContentView.swift; sourceTree = "<group>"; };
		8AA01EC92830FABE00B73B5D /* Assets.xcassets */ = {isa = PBXFileReference; lastKnownFileType = folder.assetcatalog; path = Assets.xcassets; sourceTree = "<group>"; };
		8AA01ECC2830FABE00B73B5D /* Preview Assets.xcassets */ = {isa = PBXFileReference; lastKnownFileType = folder.assetcatalog; path = "Preview Assets.xcassets"; sourceTree = "<group>"; };
		8AA01ED32830FB5E00B73B5D /* ComicModel.swift */ = {isa = PBXFileReference; lastKnownFileType = sourcecode.swift; path = ComicModel.swift; sourceTree = "<group>"; };
		8AA01ED52830FB7400B73B5D /* Comic.swift */ = {isa = PBXFileReference; lastKnownFileType = sourcecode.swift; path = Comic.swift; sourceTree = "<group>"; };
		8AA01ED82830FBA500B73B5D /* FeedView.swift */ = {isa = PBXFileReference; lastKnownFileType = sourcecode.swift; path = FeedView.swift; sourceTree = "<group>"; };
		8AA01EDA2830FBC300B73B5D /* ComicCardView.swift */ = {isa = PBXFileReference; lastKnownFileType = sourcecode.swift; path = ComicCardView.swift; sourceTree = "<group>"; };
		8AA01EDC2830FBDE00B73B5D /* ComicDetailsView.swift */ = {isa = PBXFileReference; lastKnownFileType = sourcecode.swift; path = ComicDetailsView.swift; sourceTree = "<group>"; };
		8AA01EDE2830FBFE00B73B5D /* BottomBarView.swift */ = {isa = PBXFileReference; lastKnownFileType = sourcecode.swift; path = BottomBarView.swift; sourceTree = "<group>"; };
/* End PBXFileReference section */

/* Begin PBXFrameworksBuildPhase section */
		8AA01EBF2830FABC00B73B5D /* Frameworks */ = {
			isa = PBXFrameworksBuildPhase;
			buildActionMask = 2147483647;
			files = (
			);
			runOnlyForDeploymentPostprocessing = 0;
		};
/* End PBXFrameworksBuildPhase section */

/* Begin PBXGroup section */
		8AA01EB92830FABC00B73B5D = {
			isa = PBXGroup;
			children = (
				8AA01EC42830FABC00B73B5D /* XKCD Viewer */,
				8AA01EC32830FABC00B73B5D /* Products */,
			);
			sourceTree = "<group>";
		};
		8AA01EC32830FABC00B73B5D /* Products */ = {
			isa = PBXGroup;
			children = (
				8AA01EC22830FABC00B73B5D /* XKCD Viewer.app */,
			);
			name = Products;
			sourceTree = "<group>";
		};
		8AA01EC42830FABC00B73B5D /* XKCD Viewer */ = {
			isa = PBXGroup;
			children = (
				8AA01EC92830FABE00B73B5D /* Assets.xcassets */,
				8AA01ED72830FB9200B73B5D /* model */,
				8AA01EE02830FC9E00B73B5D /* views */,
				8AA01EC52830FABC00B73B5D /* XKCD_ViewerApp.swift */,
				8AA01EC72830FABC00B73B5D /* ContentView.swift */,
				8AA01ECB2830FABE00B73B5D /* Preview Content */,
			);
			path = "XKCD Viewer";
			sourceTree = "<group>";
		};
		8AA01ECB2830FABE00B73B5D /* Preview Content */ = {
			isa = PBXGroup;
			children = (
				8AA01ECC2830FABE00B73B5D /* Preview Assets.xcassets */,
			);
			path = "Preview Content";
			sourceTree = "<group>";
		};
		8AA01ED72830FB9200B73B5D /* model */ = {
			isa = PBXGroup;
			children = (
				8AA01ED32830FB5E00B73B5D /* ComicModel.swift */,
				8AA01ED52830FB7400B73B5D /* Comic.swift */,
			);
			path = model;
			sourceTree = "<group>";
		};
		8AA01EE02830FC9E00B73B5D /* views */ = {
			isa = PBXGroup;
			children = (
				8AA01ED82830FBA500B73B5D /* FeedView.swift */,
				8AA01EDA2830FBC300B73B5D /* ComicCardView.swift */,
				8AA01EDC2830FBDE00B73B5D /* ComicDetailsView.swift */,
				8AA01EDE2830FBFE00B73B5D /* BottomBarView.swift */,
			);
			path = views;
			sourceTree = "<group>";
		};
/* End PBXGroup section */

/* Begin PBXNativeTarget section */
		8AA01EC12830FABC00B73B5D /* XKCD Viewer */ = {
			isa = PBXNativeTarget;
			buildConfigurationList = 8AA01ED02830FABE00B73B5D /* Build configuration list for PBXNativeTarget "XKCD Viewer" */;
			buildPhases = (
				8AA01EBE2830FABC00B73B5D /* Sources */,
				8AA01EBF2830FABC00B73B5D /* Frameworks */,
				8AA01EC02830FABC00B73B5D /* Resources */,
			);
			buildRules = (
			);
			dependencies = (
			);
			name = "XKCD Viewer";
			productName = "XKCD Viewer";
			productReference = 8AA01EC22830FABC00B73B5D /* XKCD Viewer.app */;
			productType = "com.apple.product-type.application";
		};
/* End PBXNativeTarget section */

/* Begin PBXProject section */
		8AA01EBA2830FABC00B73B5D /* Project object */ = {
			isa = PBXProject;
			attributes = {
				BuildIndependentTargetsInParallel = 1;
				LastSwiftUpdateCheck = 1330;
				LastUpgradeCheck = 1330;
				TargetAttributes = {
					8AA01EC12830FABC00B73B5D = {
						CreatedOnToolsVersion = 13.3;
					};
				};
			};
			buildConfigurationList = 8AA01EBD2830FABC00B73B5D /* Build configuration list for PBXProject "XKCD Viewer" */;
			compatibilityVersion = "Xcode 13.0";
			developmentRegion = en;
			hasScannedForEncodings = 0;
			knownRegions = (
				en,
				Base,
			);
			mainGroup = 8AA01EB92830FABC00B73B5D;
			productRefGroup = 8AA01EC32830FABC00B73B5D /* Products */;
			projectDirPath = "";
			projectRoot = "";
			targets = (
				8AA01EC12830FABC00B73B5D /* XKCD Viewer */,
			);
		};
/* End PBXProject section */

/* Begin PBXResourcesBuildPhase section */
		8AA01EC02830FABC00B73B5D /* Resources */ = {
			isa = PBXResourcesBuildPhase;
			buildActionMask = 2147483647;
			files = (
				8AA01ECD2830FABE00B73B5D /* Preview Assets.xcassets in Resources */,
				8AA01ECA2830FABE00B73B5D /* Assets.xcassets in Resources */,
			);
			runOnlyForDeploymentPostprocessing = 0;
		};
/* End PBXResourcesBuildPhase section */

/* Begin PBXSourcesBuildPhase section */
		8AA01EBE2830FABC00B73B5D /* Sources */ = {
			isa = PBXSourcesBuildPhase;
			buildActionMask = 2147483647;
			files = (
				8AA01EDB2830FBC300B73B5D /* ComicCardView.swift in Sources */,
				8AA01ED92830FBA500B73B5D /* FeedView.swift in Sources */,
				8AA01EC82830FABC00B73B5D /* ContentView.swift in Sources */,
				8AA01EDF2830FBFE00B73B5D /* BottomBarView.swift in Sources */,
				8AA01EDD2830FBDE00B73B5D /* ComicDetailsView.swift in Sources */,
				8AA01ED62830FB7400B73B5D /* Comic.swift in Sources */,
				8AA01EC62830FABC00B73B5D /* XKCD_ViewerApp.swift in Sources */,
				8AA01ED42830FB5E00B73B5D /* ComicModel.swift in Sources */,
			);
			runOnlyForDeploymentPostprocessing = 0;
		};
/* End PBXSourcesBuildPhase section */

/* Begin XCBuildConfiguration section */
		8AA01ECE2830FABE00B73B5D /* Debug */ = {
			isa = XCBuildConfiguration;
			buildSettings = {
				ALWAYS_SEARCH_USER_PATHS = NO;
				CLANG_ANALYZER_NONNULL = YES;
				CLANG_ANALYZER_NUMBER_OBJECT_CONVERSION = YES_AGGRESSIVE;
				CLANG_CXX_LANGUAGE_STANDARD = "gnu++17";
				CLANG_ENABLE_MODULES = YES;
				CLANG_ENABLE_OBJC_ARC = YES;
				CLANG_ENABLE_OBJC_WEAK = YES;
				CLANG_WARN_BLOCK_CAPTURE_AUTORELEASING = YES;
				CLANG_WARN_BOOL_CONVERSION = YES;
				CLANG_WARN_COMMA = YES;
				CLANG_WARN_CONSTANT_CONVERSION = YES;
				CLANG_WARN_DEPRECATED_OBJC_IMPLEMENTATIONS = YES;
				CLANG_WARN_DIRECT_OBJC_ISA_USAGE = YES_ERROR;
				CLANG_WARN_DOCUMENTATION_COMMENTS = YES;
				CLANG_WARN_EMPTY_BODY = YES;
				CLANG_WARN_ENUM_CONVERSION = YES;
				CLANG_WARN_INFINITE_RECURSION = YES;
				CLANG_WARN_INT_CONVERSION = YES;
				CLANG_WARN_NON_LITERAL_NULL_CONVERSION = YES;
				CLANG_WARN_OBJC_IMPLICIT_RETAIN_SELF = YES;
				CLANG_WARN_OBJC_LITERAL_CONVERSION = YES;
				CLANG_WARN_OBJC_ROOT_CLASS = YES_ERROR;
				CLANG_WARN_QUOTED_INCLUDE_IN_FRAMEWORK_HEADER = YES;
				CLANG_WARN_RANGE_LOOP_ANALYSIS = YES;
				CLANG_WARN_STRICT_PROTOTYPES = YES;
				CLANG_WARN_SUSPICIOUS_MOVE = YES;
				CLANG_WARN_UNGUARDED_AVAILABILITY = YES_AGGRESSIVE;
				CLANG_WARN_UNREACHABLE_CODE = YES;
				CLANG_WARN__DUPLICATE_METHOD_MATCH = YES;
				COPY_PHASE_STRIP = NO;
				DEBUG_INFORMATION_FORMAT = dwarf;
				ENABLE_STRICT_OBJC_MSGSEND = YES;
				ENABLE_TESTABILITY = YES;
				GCC_C_LANGUAGE_STANDARD = gnu11;
				GCC_DYNAMIC_NO_PIC = NO;
				GCC_NO_COMMON_BLOCKS = YES;
				GCC_OPTIMIZATION_LEVEL = 0;
				GCC_PREPROCESSOR_DEFINITIONS = (
					"DEBUG=1",
					"$(inherited)",
				);
				GCC_WARN_64_TO_32_BIT_CONVERSION = YES;
				GCC_WARN_ABOUT_RETURN_TYPE = YES_ERROR;
				GCC_WARN_UNDECLARED_SELECTOR = YES;
				GCC_WARN_UNINITIALIZED_AUTOS = YES_AGGRESSIVE;
				GCC_WARN_UNUSED_FUNCTION = YES;
				GCC_WARN_UNUSED_VARIABLE = YES;
				IPHONEOS_DEPLOYMENT_TARGET = 15.4;
				MTL_ENABLE_DEBUG_INFO = INCLUDE_SOURCE;
				MTL_FAST_MATH = YES;
				ONLY_ACTIVE_ARCH = YES;
				SDKROOT = iphoneos;
				SWIFT_ACTIVE_COMPILATION_CONDITIONS = DEBUG;
				SWIFT_OPTIMIZATION_LEVEL = "-Onone";
			};
			name = Debug;
		};
		8AA01ECF2830FABE00B73B5D /* Release */ = {
			isa = XCBuildConfiguration;
			buildSettings = {
				ALWAYS_SEARCH_USER_PATHS = NO;
				CLANG_ANALYZER_NONNULL = YES;
				CLANG_ANALYZER_NUMBER_OBJECT_CONVERSION = YES_AGGRESSIVE;
				CLANG_CXX_LANGUAGE_STANDARD = "gnu++17";
				CLANG_ENABLE_MODULES = YES;
				CLANG_ENABLE_OBJC_ARC = YES;
				CLANG_ENABLE_OBJC_WEAK = YES;
				CLANG_WARN_BLOCK_CAPTURE_AUTORELEASING = YES;
				CLANG_WARN_BOOL_CONVERSION = YES;
				CLANG_WARN_COMMA = YES;
				CLANG_WARN_CONSTANT_CONVERSION = YES;
				CLANG_WARN_DEPRECATED_OBJC_IMPLEMENTATIONS = YES;
				CLANG_WARN_DIRECT_OBJC_ISA_USAGE = YES_ERROR;
				CLANG_WARN_DOCUMENTATION_COMMENTS = YES;
				CLANG_WARN_EMPTY_BODY = YES;
				CLANG_WARN_ENUM_CONVERSION = YES;
				CLANG_WARN_INFINITE_RECURSION = YES;
				CLANG_WARN_INT_CONVERSION = YES;
				CLANG_WARN_NON_LITERAL_NULL_CONVERSION = YES;
				CLANG_WARN_OBJC_IMPLICIT_RETAIN_SELF = YES;
				CLANG_WARN_OBJC_LITERAL_CONVERSION = YES;
				CLANG_WARN_OBJC_ROOT_CLASS = YES_ERROR;
				CLANG_WARN_QUOTED_INCLUDE_IN_FRAMEWORK_HEADER = YES;
				CLANG_WARN_RANGE_LOOP_ANALYSIS = YES;
				CLANG_WARN_STRICT_PROTOTYPES = YES;
				CLANG_WARN_SUSPICIOUS_MOVE = YES;
				CLANG_WARN_UNGUARDED_AVAILABILITY = YES_AGGRESSIVE;
				CLANG_WARN_UNREACHABLE_CODE = YES;
				CLANG_WARN__DUPLICATE_METHOD_MATCH = YES;
				COPY_PHASE_STRIP = NO;
				DEBUG_INFORMATION_FORMAT = "dwarf-with-dsym";
				ENABLE_NS_ASSERTIONS = NO;
				ENABLE_STRICT_OBJC_MSGSEND = YES;
				GCC_C_LANGUAGE_STANDARD = gnu11;
				GCC_NO_COMMON_BLOCKS = YES;
				GCC_WARN_64_TO_32_BIT_CONVERSION = YES;
				GCC_WARN_ABOUT_RETURN_TYPE = YES_ERROR;
				GCC_WARN_UNDECLARED_SELECTOR = YES;
				GCC_WARN_UNINITIALIZED_AUTOS = YES_AGGRESSIVE;
				GCC_WARN_UNUSED_FUNCTION = YES;
				GCC_WARN_UNUSED_VARIABLE = YES;
				IPHONEOS_DEPLOYMENT_TARGET = 15.4;
				MTL_ENABLE_DEBUG_INFO = NO;
				MTL_FAST_MATH = YES;
				SDKROOT = iphoneos;
				SWIFT_COMPILATION_MODE = wholemodule;
				SWIFT_OPTIMIZATION_LEVEL = "-O";
				VALIDATE_PRODUCT = YES;
			};
			name = Release;
		};
		8AA01ED12830FABE00B73B5D /* Debug */ = {
			isa = XCBuildConfiguration;
			buildSettings = {
				ASSETCATALOG_COMPILER_APPICON_NAME = AppIcon;
				ASSETCATALOG_COMPILER_GLOBAL_ACCENT_COLOR_NAME = AccentColor;
				CODE_SIGN_STYLE = Automatic;
				CURRENT_PROJECT_VERSION = 1;
				DEVELOPMENT_ASSET_PATHS = "\"XKCD Viewer/Preview Content\"";
				DEVELOPMENT_TEAM = TXNRGR8ZG5;
				ENABLE_PREVIEWS = YES;
				GENERATE_INFOPLIST_FILE = YES;
				INFOPLIST_KEY_UIApplicationSceneManifest_Generation = YES;
				INFOPLIST_KEY_UIApplicationSupportsIndirectInputEvents = YES;
				INFOPLIST_KEY_UILaunchScreen_Generation = YES;
				INFOPLIST_KEY_UISupportedInterfaceOrientations = UIInterfaceOrientationPortrait;
				INFOPLIST_KEY_UISupportedInterfaceOrientations_iPad = UIInterfaceOrientationPortrait;
				INFOPLIST_KEY_UISupportedInterfaceOrientations_iPhone = "UIInterfaceOrientationPortrait UIInterfaceOrientationLandscapeLeft UIInterfaceOrientationLandscapeRight";
				LD_RUNPATH_SEARCH_PATHS = (
					"$(inherited)",
					"@executable_path/Frameworks",
				);
				MARKETING_VERSION = 1.0;
				PRODUCT_BUNDLE_IDENTIFIER = "eu.seldon1000.XKCD-Viewer";
				PRODUCT_NAME = "$(TARGET_NAME)";
				SWIFT_EMIT_LOC_STRINGS = YES;
				SWIFT_VERSION = 5.0;
				TARGETED_DEVICE_FAMILY = 1;
			};
			name = Debug;
		};
		8AA01ED22830FABE00B73B5D /* Release */ = {
			isa = XCBuildConfiguration;
			buildSettings = {
				ASSETCATALOG_COMPILER_APPICON_NAME = AppIcon;
				ASSETCATALOG_COMPILER_GLOBAL_ACCENT_COLOR_NAME = AccentColor;
				CODE_SIGN_STYLE = Automatic;
				CURRENT_PROJECT_VERSION = 1;
				DEVELOPMENT_ASSET_PATHS = "\"XKCD Viewer/Preview Content\"";
				DEVELOPMENT_TEAM = TXNRGR8ZG5;
				ENABLE_PREVIEWS = YES;
				GENERATE_INFOPLIST_FILE = YES;
				INFOPLIST_KEY_UIApplicationSceneManifest_Generation = YES;
				INFOPLIST_KEY_UIApplicationSupportsIndirectInputEvents = YES;
				INFOPLIST_KEY_UILaunchScreen_Generation = YES;
				INFOPLIST_KEY_UISupportedInterfaceOrientations = UIInterfaceOrientationPortrait;
				INFOPLIST_KEY_UISupportedInterfaceOrientations_iPad = UIInterfaceOrientationPortrait;
				INFOPLIST_KEY_UISupportedInterfaceOrientations_iPhone = "UIInterfaceOrientationPortrait UIInterfaceOrientationLandscapeLeft UIInterfaceOrientationLandscapeRight";
				LD_RUNPATH_SEARCH_PATHS = (
					"$(inherited)",
					"@executable_path/Frameworks",
				);
				MARKETING_VERSION = 1.0;
				PRODUCT_BUNDLE_IDENTIFIER = "eu.seldon1000.XKCD-Viewer";
				PRODUCT_NAME = "$(TARGET_NAME)";
				SWIFT_EMIT_LOC_STRINGS = YES;
				SWIFT_VERSION = 5.0;
				TARGETED_DEVICE_FAMILY = 1;
			};
			name = Release;
		};
/* End XCBuildConfiguration section */

/* Begin XCConfigurationList section */
		8AA01EBD2830FABC00B73B5D /* Build configuration list for PBXProject "XKCD Viewer" */ = {
			isa = XCConfigurationList;
			buildConfigurations = (
				8AA01ECE2830FABE00B73B5D /* Debug */,
				8AA01ECF2830FABE00B73B5D /* Release */,
			);
			defaultConfigurationIsVisible = 0;
			defaultConfigurationName = Release;
		};
		8AA01ED02830FABE00B73B5D /* Build configuration list for PBXNativeTarget "XKCD Viewer" */ = {
			isa = XCConfigurationList;
			buildConfigurations = (
				8AA01ED12830FABE00B73B5D /* Debug */,
				8AA01ED22830FABE00B73B5D /* Release */,
			);
			defaultConfigurationIsVisible = 0;
			defaultConfigurationName = Release;
		};
/* End XCConfigurationList section */
	};
	rootObject = 8AA01EBA2830FABC00B73B5D /* Project object */;
}
